<?xml version="1.0" encoding="utf-8"?>
<Project ToolsVersion="4.0" xmlns="http://schemas.microsoft.com/developer/msbuild/2003">
  <ItemGroup>
    <ClCompile Include="main.cpp" />
    <ClCompile Include="StorageUtil.cpp">
      <Filter>papyrus</Filter>
    </ClCompile>
    <ClCompile Include="jsoncpp.cpp">
      <Filter>json</Filter>
    </ClCompile>
    <ClCompile Include="JsonUtil.cpp">
      <Filter>papyrus</Filter>
    </ClCompile>
    <ClCompile Include="MiscUtil.cpp">
      <Filter>papyrus</Filter>
    </ClCompile>
    <ClCompile Include="ActorUtil.cpp">
      <Filter>papyrus</Filter>
    </ClCompile>
    <ClCompile Include="ObjectUtil.cpp">
      <Filter>papyrus</Filter>
    </ClCompile>
    <ClCompile Include="Data.cpp">
      <Filter>lib</Filter>
    </ClCompile>
    <ClCompile Include="External.cpp">
      <Filter>lib</Filter>
    </ClCompile>
    <ClCompile Include="SafeRead.cpp">
      <Filter>lib</Filter>
    </ClCompile>
    <ClCompile Include="Forms.cpp">
      <Filter>lib</Filter>
    </ClCompile>
    <ClCompile Include="..\f4se\GameAPI.cpp">
      <Filter>f4se\api</Filter>
    </ClCompile>
    <ClCompile Include="..\f4se\GameCamera.cpp">
      <Filter>f4se\api</Filter>
    </ClCompile>
    <ClCompile Include="..\f4se\GameData.cpp">
      <Filter>f4se\api</Filter>
    </ClCompile>
    <ClCompile Include="..\f4se\GameEvents.cpp">
      <Filter>f4se\api</Filter>
    </ClCompile>
    <ClCompile Include="..\f4se\GameExtraData.cpp">
      <Filter>f4se\api</Filter>
    </ClCompile>
    <ClCompile Include="..\f4se\GameFormComponents.cpp">
      <Filter>f4se\api</Filter>
    </ClCompile>
    <ClCompile Include="..\f4se\GameForms.cpp">
      <Filter>f4se\api</Filter>
    </ClCompile>
    <ClCompile Include="..\f4se\GameInput.cpp">
      <Filter>f4se\api</Filter>
    </ClCompile>
    <ClCompile Include="..\f4se\GameObjects.cpp">
      <Filter>f4se\api</Filter>
    </ClCompile>
    <ClCompile Include="..\f4se\GameReferences.cpp">
      <Filter>f4se\api</Filter>
    </ClCompile>
    <ClCompile Include="..\f4se\GameRTTI.cpp">
      <Filter>f4se\api</Filter>
    </ClCompile>
    <ClCompile Include="..\f4se\GameSettings.cpp">
      <Filter>f4se\api</Filter>
    </ClCompile>
    <ClCompile Include="..\f4se\GameStreams.cpp">
      <Filter>f4se\api</Filter>
    </ClCompile>
    <ClCompile Include="..\f4se\GameTypes.cpp">
      <Filter>f4se\api</Filter>
    </ClCompile>
    <ClCompile Include="..\f4se\NiExtraData.cpp">
      <Filter>f4se\netimmerse</Filter>
    </ClCompile>
    <ClCompile Include="..\f4se\NiNodes.cpp">
      <Filter>f4se\netimmerse</Filter>
    </ClCompile>
    <ClCompile Include="..\f4se\NiObjects.cpp">
      <Filter>f4se\netimmerse</Filter>
    </ClCompile>
    <ClCompile Include="..\f4se\NiProperties.cpp">
      <Filter>f4se\netimmerse</Filter>
    </ClCompile>
    <ClCompile Include="..\f4se\NiRTTI.cpp">
      <Filter>f4se\netimmerse</Filter>
    </ClCompile>
    <ClCompile Include="..\f4se\NiTextures.cpp">
      <Filter>f4se\netimmerse</Filter>
    </ClCompile>
    <ClCompile Include="..\f4se\NiTypes.cpp">
      <Filter>f4se\netimmerse</Filter>
    </ClCompile>
    <ClCompile Include="..\f4se_common\SafeWrite.cpp">
      <Filter>f4se\Utility</Filter>
    </ClCompile>
    <ClCompile Include="..\f4se_common\Utilities.cpp">
      <Filter>f4se\Utility</Filter>
    </ClCompile>
    <ClCompile Include="PapyrusUtil.cpp">
      <Filter>papyrus</Filter>
    </ClCompile>
    <ClCompile Include="..\f4se_common\Relocation.cpp">
      <Filter>f4se\Utility</Filter>
    </ClCompile>
    <ClCompile Include="..\f4se\GameUtilities.cpp">
      <Filter>f4se\Utility</Filter>
    </ClCompile>
    <ClCompile Include="..\f4se\PapyrusInterfaces.cpp">
      <Filter>f4se\papyrus\vm</Filter>
    </ClCompile>
    <ClCompile Include="..\f4se\PapyrusStruct.cpp">
      <Filter>f4se\papyrus\vm</Filter>
    </ClCompile>
    <ClCompile Include="..\f4se\PapyrusUtilities.cpp">
      <Filter>f4se\papyrus\vm</Filter>
    </ClCompile>
    <ClCompile Include="..\f4se\PapyrusValue.cpp">
      <Filter>f4se\papyrus\vm</Filter>
    </ClCompile>
    <ClCompile Include="..\f4se\PapyrusArgs.cpp">
      <Filter>f4se\papyrus\vm</Filter>
    </ClCompile>
    <ClCompile Include="..\f4se\PapyrusNativeFunctions.cpp">
      <Filter>f4se\papyrus\vm</Filter>
    </ClCompile>
    <ClCompile Include="..\f4se\PapyrusObjects.cpp">
      <Filter>f4se\papyrus\vm</Filter>
    </ClCompile>
    <ClCompile Include="..\f4se\PapyrusVM.cpp">
      <Filter>f4se\papyrus\vm</Filter>
    </ClCompile>
  </ItemGroup>
  <ItemGroup>
    <ClInclude Include="json\json.h">
      <Filter>json</Filter>
    </ClInclude>
    <ClInclude Include="json\json-forwards.h">
      <Filter>json</Filter>
    </ClInclude>
    <ClInclude Include="StorageUtil.h">
      <Filter>papyrus</Filter>
    </ClInclude>
    <ClInclude Include="JsonUtil.h">
      <Filter>papyrus</Filter>
    </ClInclude>
    <ClInclude Include="MiscUtil.h">
      <Filter>papyrus</Filter>
    </ClInclude>
    <ClInclude Include="ActorUtil.h">
      <Filter>papyrus</Filter>
    </ClInclude>
    <ClInclude Include="ObjectUtil.h">
      <Filter>papyrus</Filter>
    </ClInclude>
    <ClInclude Include="Data.h">
      <Filter>lib</Filter>
    </ClInclude>
    <ClInclude Include="External.h">
      <Filter>lib</Filter>
    </ClInclude>
    <ClInclude Include="SafeRead.h">
      <Filter>lib</Filter>
    </ClInclude>
    <ClInclude Include="Forms.h">
      <Filter>lib</Filter>
    </ClInclude>
    <ClInclude Include="..\f4se\GameAPI.h">
      <Filter>f4se\api</Filter>
    </ClInclude>
    <ClInclude Include="..\f4se\GameCamera.h">
      <Filter>f4se\api</Filter>
    </ClInclude>
    <ClInclude Include="..\f4se\GameData.h">
      <Filter>f4se\api</Filter>
    </ClInclude>
    <ClInclude Include="..\f4se\GameEvents.h">
      <Filter>f4se\api</Filter>
    </ClInclude>
    <ClInclude Include="..\f4se\GameExtraData.h">
      <Filter>f4se\api</Filter>
    </ClInclude>
    <ClInclude Include="..\f4se\GameFormComponents.h">
      <Filter>f4se\api</Filter>
    </ClInclude>
    <ClInclude Include="..\f4se\GameForms.h">
      <Filter>f4se\api</Filter>
    </ClInclude>
    <ClInclude Include="..\f4se\GameInput.h">
      <Filter>f4se\api</Filter>
    </ClInclude>
    <ClInclude Include="..\f4se\GameObjects.h">
      <Filter>f4se\api</Filter>
    </ClInclude>
    <ClInclude Include="..\f4se\GameReferences.h">
      <Filter>f4se\api</Filter>
    </ClInclude>
    <ClInclude Include="..\f4se\GameRTTI.h">
      <Filter>f4se\api</Filter>
    </ClInclude>
    <ClInclude Include="..\f4se\GameSettings.h">
      <Filter>f4se\api</Filter>
    </ClInclude>
    <ClInclude Include="..\f4se\GameStreams.h">
      <Filter>f4se\api</Filter>
    </ClInclude>
    <ClInclude Include="..\f4se\GameTypes.h">
      <Filter>f4se\api</Filter>
    </ClInclude>
    <ClInclude Include="..\f4se\NiExtraData.h">
      <Filter>f4se\netimmerse</Filter>
    </ClInclude>
    <ClInclude Include="..\f4se\NiNodes.h">
      <Filter>f4se\netimmerse</Filter>
    </ClInclude>
    <ClInclude Include="..\f4se\NiObjects.h">
      <Filter>f4se\netimmerse</Filter>
    </ClInclude>
    <ClInclude Include="..\f4se\NiProperties.h">
      <Filter>f4se\netimmerse</Filter>
    </ClInclude>
    <ClInclude Include="..\f4se\NiRTTI.h">
      <Filter>f4se\netimmerse</Filter>
    </ClInclude>
    <ClInclude Include="..\f4se\NiTextures.h">
      <Filter>f4se\netimmerse</Filter>
    </ClInclude>
    <ClInclude Include="..\f4se\NiTypes.h">
      <Filter>f4se\netimmerse</Filter>
    </ClInclude>
    <ClInclude Include="..\f4se_common\f4se_version.h" />
    <ClInclude Include="..\f4se_common\SafeWrite.h">
      <Filter>f4se\Utility</Filter>
    </ClInclude>
    <ClInclude Include="..\f4se_common\Utilities.h">
      <Filter>f4se\Utility</Filter>
    </ClInclude>
    <ClInclude Include="PapyrusUtil.h">
      <Filter>papyrus</Filter>
    </ClInclude>
    <ClInclude Include="..\xbyak\xbyak.h">
      <Filter>f4se\internals</Filter>
    </ClInclude>
    <ClInclude Include="..\f4se_common\Relocation.h">
      <Filter>f4se\Utility</Filter>
    </ClInclude>
    <ClInclude Include="..\f4se\GameUtilities.h">
      <Filter>f4se\Utility</Filter>
    </ClInclude>
    <ClInclude Include="..\f4se\PapyrusInterfaces.h">
      <Filter>f4se\papyrus\vm</Filter>
    </ClInclude>
    <ClInclude Include="..\f4se\PapyrusStruct.h">
      <Filter>f4se\papyrus\vm</Filter>
    </ClInclude>
    <ClInclude Include="..\f4se\PapyrusUtilities.h">
      <Filter>f4se\papyrus\vm</Filter>
    </ClInclude>
    <ClInclude Include="..\f4se\PapyrusValue.h">
      <Filter>f4se\papyrus\vm</Filter>
    </ClInclude>
    <ClInclude Include="..\f4se\PluginAPI.h">
      <Filter>f4se\internals</Filter>
    </ClInclude>
    <ClInclude Include="..\f4se\PapyrusArgs.h">
      <Filter>f4se\papyrus\vm</Filter>
    </ClInclude>
    <ClInclude Include="..\f4se\PapyrusNativeFunctions.h">
      <Filter>f4se\papyrus\vm</Filter>
    </ClInclude>
    <ClInclude Include="..\f4se\PapyrusObjects.h">
      <Filter>f4se\papyrus\vm</Filter>
    </ClInclude>
    <ClInclude Include="..\f4se\PapyrusVM.h">
      <Filter>f4se\papyrus\vm</Filter>
    </ClInclude>
    <ClInclude Include="plugin.h" />
  </ItemGroup>
  <ItemGroup>
    <None Include="exports.def" />
    <None Include="..\f4se\PapyrusNativeFunctionDef.inl">
      <Filter>f4se\papyrus\vm</Filter>
    </None>
    <None Include="..\f4se\PapyrusNativeFunctionDef_Base.inl">
      <Filter>f4se\papyrus\vm</Filter>
    </None>
  </ItemGroup>
  <ItemGroup>
    <Filter Include="json">
      <UniqueIdentifier>{bf3629bc-63df-4014-96bb-2284585ba332}</UniqueIdentifier>
    </Filter>
    <Filter Include="lib">
      <UniqueIdentifier>{b6151e07-b6fe-4f13-b3cb-eb6c7c672535}</UniqueIdentifier>
    </Filter>
    <Filter Include="papyrus">
      <UniqueIdentifier>{9dd3b2a4-c9c9-4626-a747-e52f15eeb23d}</UniqueIdentifier>
    </Filter>
    <Filter Include="f4se">
      <UniqueIdentifier>{649d5035-d045-47f8-99a4-4e6e8d8c991d}</UniqueIdentifier>
    </Filter>
    <Filter Include="f4se\api">
      <UniqueIdentifier>{12b885ee-c68c-40cf-a00a-3d923b7d1f72}</UniqueIdentifier>
    </Filter>
    <Filter Include="f4se\netimmerse">
      <UniqueIdentifier>{c2ead6c7-abdc-4a78-9659-442e1286e94f}</UniqueIdentifier>
    </Filter>
    <Filter Include="f4se\papyrus">
      <UniqueIdentifier>{f2b7d48c-8c8e-4440-951d-3ed7eb2a28d4}</UniqueIdentifier>
    </Filter>
    <Filter Include="f4se\papyrus\vm">
      <UniqueIdentifier>{8f95c2de-7bbb-4e89-88e4-5691347b3c0e}</UniqueIdentifier>
    </Filter>
    <Filter Include="f4se\internals">
      <UniqueIdentifier>{3d2469da-14fe-4885-a9e9-114571a1a7d8}</UniqueIdentifier>
    </Filter>
    <Filter Include="f4se\Utility">
      <UniqueIdentifier>{d5ef3a77-3fc5-4312-8098-fb18543d19f9}</UniqueIdentifier>
    </Filter>
    <Filter Include="f4se\papyrus\functions">
      <UniqueIdentifier>{eb2da9b5-0165-4292-8b6e-d2c94043727a}</UniqueIdentifier>
    </Filter>
    <Filter Include="Scaleform">
      <UniqueIdentifier>{7eb7e542-faf5-49a4-964a-74d1cfac929c}</UniqueIdentifier>
    </Filter>
  </ItemGroup>
  <ItemGroup>
    <ResourceCompile Include="PapyrusUtil.rc" />
  </ItemGroup>
</Project>